
Microsoft Visual Studio Solution File, Format Version 12.00
# Visual Studio Version 16
VisualStudioVersion = 16.0.30621.155
MinimumVisualStudioVersion = 10.0.40219.1
Project("{9A19103F-16F7-4668-BE54-9A1E7A4F7556}") = "Day1", "Day1\Day1.csproj", "{7D8177BF-DAC1-4BBF-BBE9-6797999989B5}"
EndProject
Project("{FAE04EC0-301F-11D3-BF4B-00C04F79EFBC}") = "Skeleton", "Skeleton\Skeleton.csproj", "{CCC3CE33-AB7C-41CD-8DA6-F3FF7AE54A84}"
EndProject
Project("{FAE04EC0-301F-11D3-BF4B-00C04F79EFBC}") = "Day2", "Day2\Day2.csproj", "{745FEBAC-AECA-4CEB-9984-6871BCE45992}"
EndProject
Project("{FAE04EC0-301F-11D3-BF4B-00C04F79EFBC}") = "Utilities", "Utilities\Utilities.csproj", "{C0CA0B7D-537F-43F6-955F-23F8A8E16CD5}"
EndProject
Global
	GlobalSection(SolutionConfigurationPlatforms) = preSolution
		Debug|Any CPU = Debug|Any CPU
		Release|Any CPU = Release|Any CPU
	EndGlobalSection
	GlobalSection(ProjectConfigurationPlatforms) = postSolution
		{7D8177BF-DAC1-4BBF-BBE9-6797999989B5}.Debug|Any CPU.ActiveCfg = Debug|Any CPU
		{7D8177BF-DAC1-4BBF-BBE9-6797999989B5}.Debug|Any CPU.Build.0 = Debug|Any CPU
		{7D8177BF-DAC1-4BBF-BBE9-6797999989B5}.Release|Any CPU.ActiveCfg = Release|Any CPU
		{7D8177BF-DAC1-4BBF-BBE9-6797999989B5}.Release|Any CPU.Build.0 = Release|Any CPU
		{CCC3CE33-AB7C-41CD-8DA6-F3FF7AE54A84}.Debug|Any CPU.ActiveCfg = Debug|Any CPU
		{CCC3CE33-AB7C-41CD-8DA6-F3FF7AE54A84}.Debug|Any CPU.Build.0 = Debug|Any CPU
		{CCC3CE33-AB7C-41CD-8DA6-F3FF7AE54A84}.Release|Any CPU.ActiveCfg = Release|Any CPU
		{CCC3CE33-AB7C-41CD-8DA6-F3FF7AE54A84}.Release|Any CPU.Build.0 = Release|Any CPU
		{745FEBAC-AECA-4CEB-9984-6871BCE45992}.Debug|Any CPU.ActiveCfg = Debug|Any CPU
		{745FEBAC-AECA-4CEB-9984-6871BCE45992}.Debug|Any CPU.Build.0 = Debug|Any CPU
		{745FEBAC-AECA-4CEB-9984-6871BCE45992}.Release|Any CPU.ActiveCfg = Release|Any CPU
		{745FEBAC-AECA-4CEB-9984-6871BCE45992}.Release|Any CPU.Build.0 = Release|Any CPU
		{C0CA0B7D-537F-43F6-955F-23F8A8E16CD5}.Debug|Any CPU.ActiveCfg = Debug|Any CPU
		{C0CA0B7D-537F-43F6-955F-23F8A8E16CD5}.Debug|Any CPU.Build.0 = Debug|Any CPU
		{C0CA0B7D-537F-43F6-955F-23F8A8E16CD5}.Release|Any CPU.ActiveCfg = Release|Any CPU
		{C0CA0B7D-537F-43F6-955F-23F8A8E16CD5}.Release|Any CPU.Build.0 = Release|Any CPU
	EndGlobalSection
	GlobalSection(SolutionProperties) = preSolution
		HideSolutionNode = FALSE
	EndGlobalSection
	GlobalSection(ExtensibilityGlobals) = postSolution
		SolutionGuid = {DE7A95F2-083F-431A-AB98-809BF961B407}
	EndGlobalSection
EndGlobal
